
Microsoft Visual Studio Solution File, Format Version 12.00
# Visual Studio Version 17
VisualStudioVersion = 17.6.33723.286
MinimumVisualStudioVersion = 10.0.40219.1
Project("{9A19103F-16F7-4668-BE54-9A1E7A4F7556}") = "Identity", "Identity.csproj", "{97068357-C741-453E-A338-8C620F450426}"
EndProject
Global
	GlobalSection(SolutionConfigurationPlatforms) = preSolution
		Debug|Any CPU = Debug|Any CPU
		Release|Any CPU = Release|Any CPU
	EndGlobalSection
	GlobalSection(ProjectConfigurationPlatforms) = postSolution
		{97068357-C741-453E-A338-8C620F450426}.Debug|Any CPU.ActiveCfg = Debug|Any CPU
		{97068357-C741-453E-A338-8C620F450426}.Debug|Any CPU.Build.0 = Debug|Any CPU
		{97068357-C741-453E-A338-8C620F450426}.Release|Any CPU.ActiveCfg = Release|Any CPU
		{97068357-C741-453E-A338-8C620F450426}.Release|Any CPU.Build.0 = Release|Any CPU
	EndGlobalSection
	GlobalSection(SolutionProperties) = preSolution
		HideSolutionNode = FALSE
	EndGlobalSection
	GlobalSection(ExtensibilityGlobals) = postSolution
		SolutionGuid = {DFF845B9-A170-4A66-84EE-8BDD50359A6D}
	EndGlobalSection
EndGlobal
